{
  "originHash" : "b6f58d0b33b32e72bd98f3e6d5cca8e884be669e4a89cd94668a81c9b77374a3",
  "pins" : [
    {
      "identity" : "wweventsource",
      "kind" : "remoteSourceControl",
      "location" : "https://github.com/William-Weng/WWEventSource",
      "state" : {
        "revision" : "5bddc7c58032951b5e2f6e8913e654465294d0e6",
        "version" : "1.4.0"
      }
    },
    {
      "identity" : "wwexpandabletextview",
      "kind" : "remoteSourceControl",
      "location" : "https://github.com/William-Weng/WWExpandableTextView",
      "state" : {
        "revision" : "8fb7db74d9b3e5faf9dbb790444dc0f4ba527968",
        "version" : "1.0.3"
      }
    },
    {
      "identity" : "wwkeyboardshadowview",
      "kind" : "remoteSourceControl",
      "location" : "https://github.com/William-Weng/WWKeyboardShadowView",
      "state" : {
        "revision" : "3ca6e8206dc9cc470a8147f4114b0789c08b4d6b",
        "version" : "1.1.0"
      }
    },
    {
      "identity" : "wwnetworking",
      "kind" : "remoteSourceControl",
      "location" : "https://github.com/William-Weng/WWNetworking.git",
      "state" : {
        "revision" : "77b572ec57cddb9c24dfb42c4bfa56fda98269ac",
        "version" : "1.7.6"
      }
    },
    {
      "identity" : "wwregularexpression",
      "kind" : "remoteSourceControl",
      "location" : "https://github.com/William-Weng/WWRegularExpression",
      "state" : {
        "revision" : "5bc5c03259ed28b4c5c6899458fde6ac4d665794",
        "version" : "1.0.1"
      }
    },
    {
      "identity" : "wwsimpleai_ollama",
      "kind" : "remoteSourceControl",
      "location" : "https://github.com/William-Weng/WWSimpleAI_Ollama",
      "state" : {
        "revision" : "c411cdd0e305c286f6a35e1029c9aa31e5a25d55",
        "version" : "1.1.7"
      }
    }
  ],
  "version" : 3
}
